// !$*UTF8*$!
{
	archiveVersion = 1;
	classes = {
	};
	objectVersion = 50;
	objects = {

/* Begin PBXBuildFile section */
		53031CEEC20354932B4F66C7 /* Pods_RxAPIUITests.framework in Frameworks */ = {isa = PBXBuildFile; fileRef = 580C4CCB50774E9B0CACCF53 /* Pods_RxAPIUITests.framework */; };
		66932E1E21705EB80079A34D /* JSONDecodingTests.swift in Sources */ = {isa = PBXBuildFile; fileRef = 66932E1D21705EB80079A34D /* JSONDecodingTests.swift */; };
		66932E22217060230079A34D /* user.json in Resources */ = {isa = PBXBuildFile; fileRef = 66932E20217060230079A34D /* user.json */; };
		66932E23217060230079A34D /* post.json in Resources */ = {isa = PBXBuildFile; fileRef = 66932E21217060230079A34D /* post.json */; };
		66D19DBE217059D200C864AB /* APIClient.swift in Sources */ = {isa = PBXBuildFile; fileRef = 66D19DBD217059D200C864AB /* APIClient.swift */; };
		66D19DC121705AAE00C864AB /* User.swift in Sources */ = {isa = PBXBuildFile; fileRef = 66D19DC021705AAE00C864AB /* User.swift */; };
		66D19DC321705B0400C864AB /* Address.swift in Sources */ = {isa = PBXBuildFile; fileRef = 66D19DC221705B0400C864AB /* Address.swift */; };
		66D19DC521705BF700C864AB /* Post.swift in Sources */ = {isa = PBXBuildFile; fileRef = 66D19DC421705BF700C864AB /* Post.swift */; };
		66E73571216F597000F28D7D /* AppDelegate.swift in Sources */ = {isa = PBXBuildFile; fileRef = 66E73570216F597000F28D7D /* AppDelegate.swift */; };
		66E73576216F597000F28D7D /* Main.storyboard in Resources */ = {isa = PBXBuildFile; fileRef = 66E73574216F597000F28D7D /* Main.storyboard */; };
		66E73578216F597200F28D7D /* Assets.xcassets in Resources */ = {isa = PBXBuildFile; fileRef = 66E73577216F597200F28D7D /* Assets.xcassets */; };
		66E7357B216F597200F28D7D /* LaunchScreen.storyboard in Resources */ = {isa = PBXBuildFile; fileRef = 66E73579216F597200F28D7D /* LaunchScreen.storyboard */; };
		66E73586216F597200F28D7D /* RxAPITests.swift in Sources */ = {isa = PBXBuildFile; fileRef = 66E73585216F597200F28D7D /* RxAPITests.swift */; };
		66E73591216F597200F28D7D /* RxAPIUITests.swift in Sources */ = {isa = PBXBuildFile; fileRef = 66E73590216F597200F28D7D /* RxAPIUITests.swift */; };
		6A9A215E6DA99DB900DF447E /* Pods_Base_Dependencies_RxAPI.framework in Frameworks */ = {isa = PBXBuildFile; fileRef = 424455B9A140ED8CDFC4207F /* Pods_Base_Dependencies_RxAPI.framework */; };
		D81BE0D4F8A078B6B1214190 /* Pods_RxAPITests.framework in Frameworks */ = {isa = PBXBuildFile; fileRef = 28079CF11B27C21A004D8F98 /* Pods_RxAPITests.framework */; };
/* End PBXBuildFile section */

/* Begin PBXContainerItemProxy section */
		66E73582216F597200F28D7D /* PBXContainerItemProxy */ = {
			isa = PBXContainerItemProxy;
			containerPortal = 66E73565216F597000F28D7D /* Project object */;
			proxyType = 1;
			remoteGlobalIDString = 66E7356C216F597000F28D7D;
			remoteInfo = RxAPI;
		};
		66E7358D216F597200F28D7D /* PBXContainerItemProxy */ = {
			isa = PBXContainerItemProxy;
			containerPortal = 66E73565216F597000F28D7D /* Project object */;
			proxyType = 1;
			remoteGlobalIDString = 66E7356C216F597000F28D7D;
			remoteInfo = RxAPI;
		};
/* End PBXContainerItemProxy section */

/* Begin PBXFileReference section */
		1DC89DEDF7593115768127C0 /* Pods-Base Dependencies-RxAPI.debug.xcconfig */ = {isa = PBXFileReference; includeInIndex = 1; lastKnownFileType = text.xcconfig; name = "Pods-Base Dependencies-RxAPI.debug.xcconfig"; path = "Pods/Target Support Files/Pods-Base Dependencies-RxAPI/Pods-Base Dependencies-RxAPI.debug.xcconfig"; sourceTree = "<group>"; };
		28079CF11B27C21A004D8F98 /* Pods_RxAPITests.framework */ = {isa = PBXFileReference; explicitFileType = wrapper.framework; includeInIndex = 0; path = Pods_RxAPITests.framework; sourceTree = BUILT_PRODUCTS_DIR; };
		2AA9533E32AD013127BD14B9 /* Pods-RxAPIUITests.release.xcconfig */ = {isa = PBXFileReference; includeInIndex = 1; lastKnownFileType = text.xcconfig; name = "Pods-RxAPIUITests.release.xcconfig"; path = "Pods/Target Support Files/Pods-RxAPIUITests/Pods-RxAPIUITests.release.xcconfig"; sourceTree = "<group>"; };
		2F1C85C3D122B3B993B4501A /* Pods-Base Dependencies-RxAPI.release.xcconfig */ = {isa = PBXFileReference; includeInIndex = 1; lastKnownFileType = text.xcconfig; name = "Pods-Base Dependencies-RxAPI.release.xcconfig"; path = "Pods/Target Support Files/Pods-Base Dependencies-RxAPI/Pods-Base Dependencies-RxAPI.release.xcconfig"; sourceTree = "<group>"; };
		2F44E6945EB66375D4DF59E8 /* Pods-RxAPITests.debug.xcconfig */ = {isa = PBXFileReference; includeInIndex = 1; lastKnownFileType = text.xcconfig; name = "Pods-RxAPITests.debug.xcconfig"; path = "Pods/Target Support Files/Pods-RxAPITests/Pods-RxAPITests.debug.xcconfig"; sourceTree = "<group>"; };
		424455B9A140ED8CDFC4207F /* Pods_Base_Dependencies_RxAPI.framework */ = {isa = PBXFileReference; explicitFileType = wrapper.framework; includeInIndex = 0; path = Pods_Base_Dependencies_RxAPI.framework; sourceTree = BUILT_PRODUCTS_DIR; };
		50E9E48C1DE4A821B0E3BB36 /* Pods-RxAPITests.release.xcconfig */ = {isa = PBXFileReference; includeInIndex = 1; lastKnownFileType = text.xcconfig; name = "Pods-RxAPITests.release.xcconfig"; path = "Pods/Target Support Files/Pods-RxAPITests/Pods-RxAPITests.release.xcconfig"; sourceTree = "<group>"; };
		580C4CCB50774E9B0CACCF53 /* Pods_RxAPIUITests.framework */ = {isa = PBXFileReference; explicitFileType = wrapper.framework; includeInIndex = 0; path = Pods_RxAPIUITests.framework; sourceTree = BUILT_PRODUCTS_DIR; };
		66932E1D21705EB80079A34D /* JSONDecodingTests.swift */ = {isa = PBXFileReference; lastKnownFileType = sourcecode.swift; path = JSONDecodingTests.swift; sourceTree = "<group>"; };
		66932E20217060230079A34D /* user.json */ = {isa = PBXFileReference; fileEncoding = 4; lastKnownFileType = text.json; path = user.json; sourceTree = "<group>"; };
		66932E21217060230079A34D /* post.json */ = {isa = PBXFileReference; fileEncoding = 4; lastKnownFileType = text.json; path = post.json; sourceTree = "<group>"; };
		66D19DBD217059D200C864AB /* APIClient.swift */ = {isa = PBXFileReference; lastKnownFileType = sourcecode.swift; path = APIClient.swift; sourceTree = "<group>"; };
		66D19DC021705AAE00C864AB /* User.swift */ = {isa = PBXFileReference; lastKnownFileType = sourcecode.swift; path = User.swift; sourceTree = "<group>"; };
		66D19DC221705B0400C864AB /* Address.swift */ = {isa = PBXFileReference; lastKnownFileType = sourcecode.swift; path = Address.swift; sourceTree = "<group>"; };
		66D19DC421705BF700C864AB /* Post.swift */ = {isa = PBXFileReference; lastKnownFileType = sourcecode.swift; path = Post.swift; sourceTree = "<group>"; };
		66E7356D216F597000F28D7D /* RxAPI.app */ = {isa = PBXFileReference; explicitFileType = wrapper.application; includeInIndex = 0; path = RxAPI.app; sourceTree = BUILT_PRODUCTS_DIR; };
		66E73570216F597000F28D7D /* AppDelegate.swift */ = {isa = PBXFileReference; lastKnownFileType = sourcecode.swift; path = AppDelegate.swift; sourceTree = "<group>"; };
		66E73575216F597000F28D7D /* Base */ = {isa = PBXFileReference; lastKnownFileType = file.storyboard; name = Base; path = Base.lproj/Main.storyboard; sourceTree = "<group>"; };
		66E73577216F597200F28D7D /* Assets.xcassets */ = {isa = PBXFileReference; lastKnownFileType = folder.assetcatalog; path = Assets.xcassets; sourceTree = "<group>"; };
		66E7357A216F597200F28D7D /* Base */ = {isa = PBXFileReference; lastKnownFileType = file.storyboard; name = Base; path = Base.lproj/LaunchScreen.storyboard; sourceTree = "<group>"; };
		66E7357C216F597200F28D7D /* Info.plist */ = {isa = PBXFileReference; lastKnownFileType = text.plist.xml; path = Info.plist; sourceTree = "<group>"; };
		66E73581216F597200F28D7D /* RxAPITests.xctest */ = {isa = PBXFileReference; explicitFileType = wrapper.cfbundle; includeInIndex = 0; path = RxAPITests.xctest; sourceTree = BUILT_PRODUCTS_DIR; };
		66E73585216F597200F28D7D /* RxAPITests.swift */ = {isa = PBXFileReference; lastKnownFileType = sourcecode.swift; path = RxAPITests.swift; sourceTree = "<group>"; };
		66E73587216F597200F28D7D /* Info.plist */ = {isa = PBXFileReference; lastKnownFileType = text.plist.xml; path = Info.plist; sourceTree = "<group>"; };
		66E7358C216F597200F28D7D /* RxAPIUITests.xctest */ = {isa = PBXFileReference; explicitFileType = wrapper.cfbundle; includeInIndex = 0; path = RxAPIUITests.xctest; sourceTree = BUILT_PRODUCTS_DIR; };
		66E73590216F597200F28D7D /* RxAPIUITests.swift */ = {isa = PBXFileReference; lastKnownFileType = sourcecode.swift; path = RxAPIUITests.swift; sourceTree = "<group>"; };
		66E73592216F597200F28D7D /* Info.plist */ = {isa = PBXFileReference; lastKnownFileType = text.plist.xml; path = Info.plist; sourceTree = "<group>"; };
		6F03C0C1FFDAB7040AAA9AB1 /* Pods-Base-Dependencies-RxAPI.release.xcconfig */ = {isa = PBXFileReference; includeInIndex = 1; lastKnownFileType = text.xcconfig; name = "Pods-Base-Dependencies-RxAPI.release.xcconfig"; path = "Pods/Target Support Files/Pods-Base-Dependencies-RxAPI/Pods-Base-Dependencies-RxAPI.release.xcconfig"; sourceTree = "<group>"; };
		730647F98DDCC8D47F2C8834 /* Pods-Base-Dependencies-RxAPI.debug.xcconfig */ = {isa = PBXFileReference; includeInIndex = 1; lastKnownFileType = text.xcconfig; name = "Pods-Base-Dependencies-RxAPI.debug.xcconfig"; path = "Pods/Target Support Files/Pods-Base-Dependencies-RxAPI/Pods-Base-Dependencies-RxAPI.debug.xcconfig"; sourceTree = "<group>"; };
		B1C8B7D15037B900AB4FEAE2 /* Pods-RxAPIUITests.debug.xcconfig */ = {isa = PBXFileReference; includeInIndex = 1; lastKnownFileType = text.xcconfig; name = "Pods-RxAPIUITests.debug.xcconfig"; path = "Pods/Target Support Files/Pods-RxAPIUITests/Pods-RxAPIUITests.debug.xcconfig"; sourceTree = "<group>"; };
/* End PBXFileReference section */

/* Begin PBXFrameworksBuildPhase section */
		66E7356A216F597000F28D7D /* Frameworks */ = {
			isa = PBXFrameworksBuildPhase;
			buildActionMask = 2147483647;
			files = (
				6A9A215E6DA99DB900DF447E /* Pods_Base_Dependencies_RxAPI.framework in Frameworks */,
			);
			runOnlyForDeploymentPostprocessing = 0;
		};
		66E7357E216F597200F28D7D /* Frameworks */ = {
			isa = PBXFrameworksBuildPhase;
			buildActionMask = 2147483647;
			files = (
				D81BE0D4F8A078B6B1214190 /* Pods_RxAPITests.framework in Frameworks */,
			);
			runOnlyForDeploymentPostprocessing = 0;
		};
		66E73589216F597200F28D7D /* Frameworks */ = {
			isa = PBXFrameworksBuildPhase;
			buildActionMask = 2147483647;
			files = (
				53031CEEC20354932B4F66C7 /* Pods_RxAPIUITests.framework in Frameworks */,
			);
			runOnlyForDeploymentPostprocessing = 0;
		};
/* End PBXFrameworksBuildPhase section */

/* Begin PBXGroup section */
		66932E1F217060230079A34D /* Fixtures */ = {
			isa = PBXGroup;
			children = (
				66932E20217060230079A34D /* user.json */,
				66932E21217060230079A34D /* post.json */,
			);
			path = Fixtures;
			sourceTree = "<group>";
		};
		66D19DBF21705A9600C864AB /* Models */ = {
			isa = PBXGroup;
			children = (
				66D19DC021705AAE00C864AB /* User.swift */,
				66D19DC221705B0400C864AB /* Address.swift */,
				66D19DC421705BF700C864AB /* Post.swift */,
			);
			path = Models;
			sourceTree = "<group>";
		};
		66E73564216F597000F28D7D = {
			isa = PBXGroup;
			children = (
				66E7356F216F597000F28D7D /* App */,
				66E73584216F597200F28D7D /* Unit Tests */,
				66E7358F216F597200F28D7D /* UI Tests */,
				66E7356E216F597000F28D7D /* Products */,
				A320BDFADC2C036715597328 /* Pods */,
				89C26D7769166BF48A097C0A /* Frameworks */,
			);
			sourceTree = "<group>";
		};
		66E7356E216F597000F28D7D /* Products */ = {
			isa = PBXGroup;
			children = (
				66E7356D216F597000F28D7D /* RxAPI.app */,
				66E73581216F597200F28D7D /* RxAPITests.xctest */,
				66E7358C216F597200F28D7D /* RxAPIUITests.xctest */,
			);
			name = Products;
			sourceTree = "<group>";
		};
		66E7356F216F597000F28D7D /* App */ = {
			isa = PBXGroup;
			children = (
				66E7359E216F69B100F28D7D /* Interface */,
				66E7359F216F69C200F28D7D /* Source */,
				66E73577216F597200F28D7D /* Assets.xcassets */,
				66E7357C216F597200F28D7D /* Info.plist */,
			);
			path = App;
			sourceTree = "<group>";
		};
		66E73584216F597200F28D7D /* Unit Tests */ = {
			isa = PBXGroup;
			children = (
				66932E1F217060230079A34D /* Fixtures */,
				66932E1D21705EB80079A34D /* JSONDecodingTests.swift */,
				66E73585216F597200F28D7D /* RxAPITests.swift */,
				66E73587216F597200F28D7D /* Info.plist */,
			);
			path = "Unit Tests";
			sourceTree = "<group>";
		};
		66E7358F216F597200F28D7D /* UI Tests */ = {
			isa = PBXGroup;
			children = (
				66E73590216F597200F28D7D /* RxAPIUITests.swift */,
				66E73592216F597200F28D7D /* Info.plist */,
			);
			path = "UI Tests";
			sourceTree = "<group>";
		};
		66E7359E216F69B100F28D7D /* Interface */ = {
			isa = PBXGroup;
			children = (
				66E73574216F597000F28D7D /* Main.storyboard */,
				66E73579216F597200F28D7D /* LaunchScreen.storyboard */,
			);
			path = Interface;
			sourceTree = "<group>";
		};
		66E7359F216F69C200F28D7D /* Source */ = {
			isa = PBXGroup;
			children = (
				66D19DBF21705A9600C864AB /* Models */,
				66E73570216F597000F28D7D /* AppDelegate.swift */,
				66D19DBD217059D200C864AB /* APIClient.swift */,
			);
			path = Source;
			sourceTree = "<group>";
		};
		89C26D7769166BF48A097C0A /* Frameworks */ = {
			isa = PBXGroup;
			children = (
				424455B9A140ED8CDFC4207F /* Pods_Base_Dependencies_RxAPI.framework */,
				28079CF11B27C21A004D8F98 /* Pods_RxAPITests.framework */,
				580C4CCB50774E9B0CACCF53 /* Pods_RxAPIUITests.framework */,
			);
			name = Frameworks;
			sourceTree = "<group>";
		};
		A320BDFADC2C036715597328 /* Pods */ = {
			isa = PBXGroup;
			children = (
				1DC89DEDF7593115768127C0 /* Pods-Base Dependencies-RxAPI.debug.xcconfig */,
				2F1C85C3D122B3B993B4501A /* Pods-Base Dependencies-RxAPI.release.xcconfig */,
				2F44E6945EB66375D4DF59E8 /* Pods-RxAPITests.debug.xcconfig */,
				50E9E48C1DE4A821B0E3BB36 /* Pods-RxAPITests.release.xcconfig */,
				B1C8B7D15037B900AB4FEAE2 /* Pods-RxAPIUITests.debug.xcconfig */,
				2AA9533E32AD013127BD14B9 /* Pods-RxAPIUITests.release.xcconfig */,
				730647F98DDCC8D47F2C8834 /* Pods-Base-Dependencies-RxAPI.debug.xcconfig */,
				6F03C0C1FFDAB7040AAA9AB1 /* Pods-Base-Dependencies-RxAPI.release.xcconfig */,
			);
			path = Pods;
			sourceTree = "<group>";
		};
/* End PBXGroup section */

/* Begin PBXNativeTarget section */
		66E7356C216F597000F28D7D /* RxAPI */ = {
			isa = PBXNativeTarget;
			buildConfigurationList = 66E73595216F597200F28D7D /* Build configuration list for PBXNativeTarget "RxAPI" */;
			buildPhases = (
				F0004F634A6790E5F3AF4A21 /* [CP] Check Pods Manifest.lock */,
				66E73569216F597000F28D7D /* Sources */,
				66E7356A216F597000F28D7D /* Frameworks */,
				66E7356B216F597000F28D7D /* Resources */,
				234DDA64131DFF2C0293A039 /* [CP] Embed Pods Frameworks */,
			);
			buildRules = (
			);
			dependencies = (
			);
			name = RxAPI;
			productName = RxAPI;
			productReference = 66E7356D216F597000F28D7D /* RxAPI.app */;
			productType = "com.apple.product-type.application";
		};
		66E73580216F597200F28D7D /* RxAPITests */ = {
			isa = PBXNativeTarget;
			buildConfigurationList = 66E73598216F597200F28D7D /* Build configuration list for PBXNativeTarget "RxAPITests" */;
			buildPhases = (
				D35A1C340DD85500C06BAF58 /* [CP] Check Pods Manifest.lock */,
				66E7357D216F597200F28D7D /* Sources */,
				66E7357E216F597200F28D7D /* Frameworks */,
				66E7357F216F597200F28D7D /* Resources */,
				B46E74F675D3BA77A432834B /* [CP] Embed Pods Frameworks */,
			);
			buildRules = (
			);
			dependencies = (
				66E73583216F597200F28D7D /* PBXTargetDependency */,
			);
			name = RxAPITests;
			productName = RxAPITests;
			productReference = 66E73581216F597200F28D7D /* RxAPITests.xctest */;
			productType = "com.apple.product-type.bundle.unit-test";
		};
		66E7358B216F597200F28D7D /* RxAPIUITests */ = {
			isa = PBXNativeTarget;
			buildConfigurationList = 66E7359B216F597200F28D7D /* Build configuration list for PBXNativeTarget "RxAPIUITests" */;
			buildPhases = (
				E5D128431AFE57FE6A937683 /* [CP] Check Pods Manifest.lock */,
				66E73588216F597200F28D7D /* Sources */,
				66E73589216F597200F28D7D /* Frameworks */,
				66E7358A216F597200F28D7D /* Resources */,
				80108112EBA2698B439D820E /* [CP] Embed Pods Frameworks */,
			);
			buildRules = (
			);
			dependencies = (
				66E7358E216F597200F28D7D /* PBXTargetDependency */,
			);
			name = RxAPIUITests;
			productName = RxAPIUITests;
			productReference = 66E7358C216F597200F28D7D /* RxAPIUITests.xctest */;
			productType = "com.apple.product-type.bundle.ui-testing";
		};
/* End PBXNativeTarget section */

/* Begin PBXProject section */
		66E73565216F597000F28D7D /* Project object */ = {
			isa = PBXProject;
			attributes = {
				LastSwiftUpdateCheck = 1000;
				LastUpgradeCheck = 1000;
				ORGANIZATIONNAME = "Kieran Graham";
				TargetAttributes = {
					66E7356C216F597000F28D7D = {
						CreatedOnToolsVersion = 10.0;
					};
					66E73580216F597200F28D7D = {
						CreatedOnToolsVersion = 10.0;
						TestTargetID = 66E7356C216F597000F28D7D;
					};
					66E7358B216F597200F28D7D = {
						CreatedOnToolsVersion = 10.0;
						TestTargetID = 66E7356C216F597000F28D7D;
					};
				};
			};
			buildConfigurationList = 66E73568216F597000F28D7D /* Build configuration list for PBXProject "RxAPI" */;
			compatibilityVersion = "Xcode 9.3";
			developmentRegion = en;
			hasScannedForEncodings = 0;
			knownRegions = (
				en,
				Base,
			);
			mainGroup = 66E73564216F597000F28D7D;
			productRefGroup = 66E7356E216F597000F28D7D /* Products */;
			projectDirPath = "";
			projectRoot = "";
			targets = (
				66E7356C216F597000F28D7D /* RxAPI */,
				66E73580216F597200F28D7D /* RxAPITests */,
				66E7358B216F597200F28D7D /* RxAPIUITests */,
			);
		};
/* End PBXProject section */

/* Begin PBXResourcesBuildPhase section */
		66E7356B216F597000F28D7D /* Resources */ = {
			isa = PBXResourcesBuildPhase;
			buildActionMask = 2147483647;
			files = (
				66E7357B216F597200F28D7D /* LaunchScreen.storyboard in Resources */,
				66E73578216F597200F28D7D /* Assets.xcassets in Resources */,
				66E73576216F597000F28D7D /* Main.storyboard in Resources */,
			);
			runOnlyForDeploymentPostprocessing = 0;
		};
		66E7357F216F597200F28D7D /* Resources */ = {
			isa = PBXResourcesBuildPhase;
			buildActionMask = 2147483647;
			files = (
				66932E22217060230079A34D /* user.json in Resources */,
				66932E23217060230079A34D /* post.json in Resources */,
			);
			runOnlyForDeploymentPostprocessing = 0;
		};
		66E7358A216F597200F28D7D /* Resources */ = {
			isa = PBXResourcesBuildPhase;
			buildActionMask = 2147483647;
			files = (
			);
			runOnlyForDeploymentPostprocessing = 0;
		};
/* End PBXResourcesBuildPhase section */

/* Begin PBXShellScriptBuildPhase section */
		234DDA64131DFF2C0293A039 /* [CP] Embed Pods Frameworks */ = {
			isa = PBXShellScriptBuildPhase;
			buildActionMask = 2147483647;
			files = (
			);
			inputFileListPaths = (
			);
			inputPaths = (
				"${SRCROOT}/Pods/Target Support Files/Pods-Base-Dependencies-RxAPI/Pods-Base-Dependencies-RxAPI-frameworks.sh",
				"${BUILT_PRODUCTS_DIR}/RxCocoa/RxCocoa.framework",
				"${BUILT_PRODUCTS_DIR}/RxSwift/RxSwift.framework",
			);
			name = "[CP] Embed Pods Frameworks";
			outputFileListPaths = (
			);
			outputPaths = (
				"${TARGET_BUILD_DIR}/${FRAMEWORKS_FOLDER_PATH}/RxCocoa.framework",
				"${TARGET_BUILD_DIR}/${FRAMEWORKS_FOLDER_PATH}/RxSwift.framework",
			);
			runOnlyForDeploymentPostprocessing = 0;
			shellPath = /bin/sh;
			shellScript = "\"${SRCROOT}/Pods/Target Support Files/Pods-Base-Dependencies-RxAPI/Pods-Base-Dependencies-RxAPI-frameworks.sh\"\n";
			showEnvVarsInLog = 0;
		};
		80108112EBA2698B439D820E /* [CP] Embed Pods Frameworks */ = {
			isa = PBXShellScriptBuildPhase;
			buildActionMask = 2147483647;
			files = (
			);
			inputFileListPaths = (
			);
			inputPaths = (
				"${SRCROOT}/Pods/Target Support Files/Pods-RxAPIUITests/Pods-RxAPIUITests-frameworks.sh",
				"${BUILT_PRODUCTS_DIR}/Nimble/Nimble.framework",
			);
			name = "[CP] Embed Pods Frameworks";
			outputFileListPaths = (
			);
			outputPaths = (
				"${TARGET_BUILD_DIR}/${FRAMEWORKS_FOLDER_PATH}/Nimble.framework",
			);
			runOnlyForDeploymentPostprocessing = 0;
			shellPath = /bin/sh;
			shellScript = "\"${SRCROOT}/Pods/Target Support Files/Pods-RxAPIUITests/Pods-RxAPIUITests-frameworks.sh\"\n";
			showEnvVarsInLog = 0;
		};
		B46E74F675D3BA77A432834B /* [CP] Embed Pods Frameworks */ = {
			isa = PBXShellScriptBuildPhase;
			buildActionMask = 2147483647;
			files = (
			);
			inputFileListPaths = (
			);
			inputPaths = (
				"${SRCROOT}/Pods/Target Support Files/Pods-RxAPITests/Pods-RxAPITests-frameworks.sh",
				"${BUILT_PRODUCTS_DIR}/Nimble/Nimble.framework",
			);
			name = "[CP] Embed Pods Frameworks";
			outputFileListPaths = (
			);
			outputPaths = (
				"${TARGET_BUILD_DIR}/${FRAMEWORKS_FOLDER_PATH}/Nimble.framework",
			);
			runOnlyForDeploymentPostprocessing = 0;
			shellPath = /bin/sh;
			shellScript = "\"${SRCROOT}/Pods/Target Support Files/Pods-RxAPITests/Pods-RxAPITests-frameworks.sh\"\n";
			showEnvVarsInLog = 0;
		};
		D35A1C340DD85500C06BAF58 /* [CP] Check Pods Manifest.lock */ = {
			isa = PBXShellScriptBuildPhase;
			buildActionMask = 2147483647;
			files = (
			);
			inputFileListPaths = (
			);
			inputPaths = (
				"${PODS_PODFILE_DIR_PATH}/Podfile.lock",
				"${PODS_ROOT}/Manifest.lock",
			);
			name = "[CP] Check Pods Manifest.lock";
			outputFileListPaths = (
			);
			outputPaths = (
				"$(DERIVED_FILE_DIR)/Pods-RxAPITests-checkManifestLockResult.txt",
			);
			runOnlyForDeploymentPostprocessing = 0;
			shellPath = /bin/sh;
			shellScript = "diff \"${PODS_PODFILE_DIR_PATH}/Podfile.lock\" \"${PODS_ROOT}/Manifest.lock\" > /dev/null\nif [ $? != 0 ] ; then\n    # print error to STDERR\n    echo \"error: The sandbox is not in sync with the Podfile.lock. Run 'pod install' or update your CocoaPods installation.\" >&2\n    exit 1\nfi\n# This output is used by Xcode 'outputs' to avoid re-running this script phase.\necho \"SUCCESS\" > \"${SCRIPT_OUTPUT_FILE_0}\"\n";
			showEnvVarsInLog = 0;
		};
		E5D128431AFE57FE6A937683 /* [CP] Check Pods Manifest.lock */ = {
			isa = PBXShellScriptBuildPhase;
			buildActionMask = 2147483647;
			files = (
			);
			inputFileListPaths = (
			);
			inputPaths = (
				"${PODS_PODFILE_DIR_PATH}/Podfile.lock",
				"${PODS_ROOT}/Manifest.lock",
			);
			name = "[CP] Check Pods Manifest.lock";
			outputFileListPaths = (
			);
			outputPaths = (
				"$(DERIVED_FILE_DIR)/Pods-RxAPIUITests-checkManifestLockResult.txt",
			);
			runOnlyForDeploymentPostprocessing = 0;
			shellPath = /bin/sh;
			shellScript = "diff \"${PODS_PODFILE_DIR_PATH}/Podfile.lock\" \"${PODS_ROOT}/Manifest.lock\" > /dev/null\nif [ $? != 0 ] ; then\n    # print error to STDERR\n    echo \"error: The sandbox is not in sync with the Podfile.lock. Run 'pod install' or update your CocoaPods installation.\" >&2\n    exit 1\nfi\n# This output is used by Xcode 'outputs' to avoid re-running this script phase.\necho \"SUCCESS\" > \"${SCRIPT_OUTPUT_FILE_0}\"\n";
			showEnvVarsInLog = 0;
		};
		F0004F634A6790E5F3AF4A21 /* [CP] Check Pods Manifest.lock */ = {
			isa = PBXShellScriptBuildPhase;
			buildActionMask = 2147483647;
			files = (
			);
			inputFileListPaths = (
			);
			inputPaths = (
				"${PODS_PODFILE_DIR_PATH}/Podfile.lock",
				"${PODS_ROOT}/Manifest.lock",
			);
			name = "[CP] Check Pods Manifest.lock";
			outputFileListPaths = (
			);
			outputPaths = (
				"$(DERIVED_FILE_DIR)/Pods-Base-Dependencies-RxAPI-checkManifestLockResult.txt",
			);
			runOnlyForDeploymentPostprocessing = 0;
			shellPath = /bin/sh;
			shellScript = "diff \"${PODS_PODFILE_DIR_PATH}/Podfile.lock\" \"${PODS_ROOT}/Manifest.lock\" > /dev/null\nif [ $? != 0 ] ; then\n    # print error to STDERR\n    echo \"error: The sandbox is not in sync with the Podfile.lock. Run 'pod install' or update your CocoaPods installation.\" >&2\n    exit 1\nfi\n# This output is used by Xcode 'outputs' to avoid re-running this script phase.\necho \"SUCCESS\" > \"${SCRIPT_OUTPUT_FILE_0}\"\n";
			showEnvVarsInLog = 0;
		};
/* End PBXShellScriptBuildPhase section */

/* Begin PBXSourcesBuildPhase section */
		66E73569216F597000F28D7D /* Sources */ = {
			isa = PBXSourcesBuildPhase;
			buildActionMask = 2147483647;
			files = (
				66E73571216F597000F28D7D /* AppDelegate.swift in Sources */,
				66D19DBE217059D200C864AB /* APIClient.swift in Sources */,
				66D19DC321705B0400C864AB /* Address.swift in Sources */,
				66D19DC121705AAE00C864AB /* User.swift in Sources */,
				66D19DC521705BF700C864AB /* Post.swift in Sources */,
			);
			runOnlyForDeploymentPostprocessing = 0;
		};
		66E7357D216F597200F28D7D /* Sources */ = {
			isa = PBXSourcesBuildPhase;
			buildActionMask = 2147483647;
			files = (
				66932E1E21705EB80079A34D /* JSONDecodingTests.swift in Sources */,
				66E73586216F597200F28D7D /* RxAPITests.swift in Sources */,
			);
			runOnlyForDeploymentPostprocessing = 0;
		};
		66E73588216F597200F28D7D /* Sources */ = {
			isa = PBXSourcesBuildPhase;
			buildActionMask = 2147483647;
			files = (
				66E73591216F597200F28D7D /* RxAPIUITests.swift in Sources */,
			);
			runOnlyForDeploymentPostprocessing = 0;
		};
/* End PBXSourcesBuildPhase section */

/* Begin PBXTargetDependency section */
		66E73583216F597200F28D7D /* PBXTargetDependency */ = {
			isa = PBXTargetDependency;
			target = 66E7356C216F597000F28D7D /* RxAPI */;
			targetProxy = 66E73582216F597200F28D7D /* PBXContainerItemProxy */;
		};
		66E7358E216F597200F28D7D /* PBXTargetDependency */ = {
			isa = PBXTargetDependency;
			target = 66E7356C216F597000F28D7D /* RxAPI */;
			targetProxy = 66E7358D216F597200F28D7D /* PBXContainerItemProxy */;
		};
/* End PBXTargetDependency section */

/* Begin PBXVariantGroup section */
		66E73574216F597000F28D7D /* Main.storyboard */ = {
			isa = PBXVariantGroup;
			children = (
				66E73575216F597000F28D7D /* Base */,
			);
			name = Main.storyboard;
			sourceTree = "<group>";
		};
		66E73579216F597200F28D7D /* LaunchScreen.storyboard */ = {
			isa = PBXVariantGroup;
			children = (
				66E7357A216F597200F28D7D /* Base */,
			);
			name = LaunchScreen.storyboard;
			sourceTree = "<group>";
		};
/* End PBXVariantGroup section */

/* Begin XCBuildConfiguration section */
		66E73593216F597200F28D7D /* Debug */ = {
			isa = XCBuildConfiguration;
			buildSettings = {
				ALWAYS_SEARCH_USER_PATHS = NO;
				CLANG_ANALYZER_NONNULL = YES;
				CLANG_ANALYZER_NUMBER_OBJECT_CONVERSION = YES_AGGRESSIVE;
				CLANG_CXX_LANGUAGE_STANDARD = "gnu++14";
				CLANG_CXX_LIBRARY = "libc++";
				CLANG_ENABLE_MODULES = YES;
				CLANG_ENABLE_OBJC_ARC = YES;
				CLANG_ENABLE_OBJC_WEAK = YES;
				CLANG_WARN_BLOCK_CAPTURE_AUTORELEASING = YES;
				CLANG_WARN_BOOL_CONVERSION = YES;
				CLANG_WARN_COMMA = YES;
				CLANG_WARN_CONSTANT_CONVERSION = YES;
				CLANG_WARN_DEPRECATED_OBJC_IMPLEMENTATIONS = YES;
				CLANG_WARN_DIRECT_OBJC_ISA_USAGE = YES_ERROR;
				CLANG_WARN_DOCUMENTATION_COMMENTS = YES;
				CLANG_WARN_EMPTY_BODY = YES;
				CLANG_WARN_ENUM_CONVERSION = YES;
				CLANG_WARN_INFINITE_RECURSION = YES;
				CLANG_WARN_INT_CONVERSION = YES;
				CLANG_WARN_NON_LITERAL_NULL_CONVERSION = YES;
				CLANG_WARN_OBJC_IMPLICIT_RETAIN_SELF = YES;
				CLANG_WARN_OBJC_LITERAL_CONVERSION = YES;
				CLANG_WARN_OBJC_ROOT_CLASS = YES_ERROR;
				CLANG_WARN_RANGE_LOOP_ANALYSIS = YES;
				CLANG_WARN_STRICT_PROTOTYPES = YES;
				CLANG_WARN_SUSPICIOUS_MOVE = YES;
				CLANG_WARN_UNGUARDED_AVAILABILITY = YES_AGGRESSIVE;
				CLANG_WARN_UNREACHABLE_CODE = YES;
				CLANG_WARN__DUPLICATE_METHOD_MATCH = YES;
				CODE_SIGN_IDENTITY = "iPhone Developer";
				COPY_PHASE_STRIP = NO;
				DEBUG_INFORMATION_FORMAT = dwarf;
				ENABLE_STRICT_OBJC_MSGSEND = YES;
				ENABLE_TESTABILITY = YES;
				GCC_C_LANGUAGE_STANDARD = gnu11;
				GCC_DYNAMIC_NO_PIC = NO;
				GCC_NO_COMMON_BLOCKS = YES;
				GCC_OPTIMIZATION_LEVEL = 0;
				GCC_PREPROCESSOR_DEFINITIONS = (
					"DEBUG=1",
					"$(inherited)",
				);
				GCC_WARN_64_TO_32_BIT_CONVERSION = YES;
				GCC_WARN_ABOUT_RETURN_TYPE = YES_ERROR;
				GCC_WARN_UNDECLARED_SELECTOR = YES;
				GCC_WARN_UNINITIALIZED_AUTOS = YES_AGGRESSIVE;
				GCC_WARN_UNUSED_FUNCTION = YES;
				GCC_WARN_UNUSED_VARIABLE = YES;
				IPHONEOS_DEPLOYMENT_TARGET = 12.0;
				MTL_ENABLE_DEBUG_INFO = INCLUDE_SOURCE;
				MTL_FAST_MATH = YES;
				ONLY_ACTIVE_ARCH = YES;
				SDKROOT = iphoneos;
				SWIFT_ACTIVE_COMPILATION_CONDITIONS = DEBUG;
				SWIFT_OPTIMIZATION_LEVEL = "-Onone";
			};
			name = Debug;
		};
		66E73594216F597200F28D7D /* Release */ = {
			isa = XCBuildConfiguration;
			buildSettings = {
				ALWAYS_EMBED_SWIFT_STANDARD_LIBRARIES = "$(inherited)";
				ALWAYS_SEARCH_USER_PATHS = NO;
				CLANG_ANALYZER_NONNULL = YES;
				CLANG_ANALYZER_NUMBER_OBJECT_CONVERSION = YES_AGGRESSIVE;
				CLANG_CXX_LANGUAGE_STANDARD = "gnu++14";
				CLANG_CXX_LIBRARY = "libc++";
				CLANG_ENABLE_MODULES = YES;
				CLANG_ENABLE_OBJC_ARC = YES;
				CLANG_ENABLE_OBJC_WEAK = YES;
				CLANG_WARN_BLOCK_CAPTURE_AUTORELEASING = YES;
				CLANG_WARN_BOOL_CONVERSION = YES;
				CLANG_WARN_COMMA = YES;
				CLANG_WARN_CONSTANT_CONVERSION = YES;
				CLANG_WARN_DEPRECATED_OBJC_IMPLEMENTATIONS = YES;
				CLANG_WARN_DIRECT_OBJC_ISA_USAGE = YES_ERROR;
				CLANG_WARN_DOCUMENTATION_COMMENTS = YES;
				CLANG_WARN_EMPTY_BODY = YES;
				CLANG_WARN_ENUM_CONVERSION = YES;
				CLANG_WARN_INFINITE_RECURSION = YES;
				CLANG_WARN_INT_CONVERSION = YES;
				CLANG_WARN_NON_LITERAL_NULL_CONVERSION = YES;
				CLANG_WARN_OBJC_IMPLICIT_RETAIN_SELF = YES;
				CLANG_WARN_OBJC_LITERAL_CONVERSION = YES;
				CLANG_WARN_OBJC_ROOT_CLASS = YES_ERROR;
				CLANG_WARN_RANGE_LOOP_ANALYSIS = YES;
				CLANG_WARN_STRICT_PROTOTYPES = YES;
				CLANG_WARN_SUSPICIOUS_MOVE = YES;
				CLANG_WARN_UNGUARDED_AVAILABILITY = YES_AGGRESSIVE;
				CLANG_WARN_UNREACHABLE_CODE = YES;
				CLANG_WARN__DUPLICATE_METHOD_MATCH = YES;
				CODE_SIGN_IDENTITY = "iPhone Developer";
				COPY_PHASE_STRIP = NO;
				DEBUG_INFORMATION_FORMAT = "dwarf-with-dsym";
				ENABLE_NS_ASSERTIONS = NO;
				ENABLE_STRICT_OBJC_MSGSEND = YES;
				GCC_C_LANGUAGE_STANDARD = gnu11;
				GCC_NO_COMMON_BLOCKS = YES;
				GCC_WARN_64_TO_32_BIT_CONVERSION = YES;
				GCC_WARN_ABOUT_RETURN_TYPE = YES_ERROR;
				GCC_WARN_UNDECLARED_SELECTOR = YES;
				GCC_WARN_UNINITIALIZED_AUTOS = YES_AGGRESSIVE;
				GCC_WARN_UNUSED_FUNCTION = YES;
				GCC_WARN_UNUSED_VARIABLE = YES;
				IPHONEOS_DEPLOYMENT_TARGET = 12.0;
				MTL_ENABLE_DEBUG_INFO = NO;
				MTL_FAST_MATH = YES;
				SDKROOT = iphoneos;
				SWIFT_COMPILATION_MODE = wholemodule;
				SWIFT_OPTIMIZATION_LEVEL = "-O";
				VALIDATE_PRODUCT = YES;
			};
			name = Release;
		};
		66E73596216F597200F28D7D /* Debug */ = {
			isa = XCBuildConfiguration;
			baseConfigurationReference = 4FA33AEA5CD964E7CD20A30F /* Pods-RxAPI.debug.xcconfig */;
			buildSettings = {
				ASSETCATALOG_COMPILER_APPICON_NAME = AppIcon;
				CODE_SIGN_IDENTITY = "iPhone Developer";
				CODE_SIGN_STYLE = Automatic;
				DEVELOPMENT_TEAM = "";
				INFOPLIST_FILE = "$(SRCROOT)/App/Info.plist";
				LD_RUNPATH_SEARCH_PATHS = (
					"$(inherited)",
					"@executable_path/Frameworks",
				);
				PRODUCT_BUNDLE_IDENTIFIER = com.kierangraham.RxAPI;
				PRODUCT_NAME = "$(TARGET_NAME)";
				PROVISIONING_PROFILE_SPECIFIER = "";
				SWIFT_VERSION = 4.2;
				TARGETED_DEVICE_FAMILY = "1,2";
			};
			name = Debug;
		};
		66E73597216F597200F28D7D /* Release */ = {
			isa = XCBuildConfiguration;
			baseConfigurationReference = 6F03C0C1FFDAB7040AAA9AB1 /* Pods-Base-Dependencies-RxAPI.release.xcconfig */;
			buildSettings = {
				ASSETCATALOG_COMPILER_APPICON_NAME = AppIcon;
				CODE_SIGN_IDENTITY = "iPhone Developer";
				CODE_SIGN_STYLE = Automatic;
				DEVELOPMENT_TEAM = "";
				INFOPLIST_FILE = "$(SRCROOT)/App/Info.plist";
				LD_RUNPATH_SEARCH_PATHS = (
					"$(inherited)",
					"@executable_path/Frameworks",
				);
				PRODUCT_BUNDLE_IDENTIFIER = com.kierangraham.RxAPI;
				PRODUCT_NAME = "$(TARGET_NAME)";
				PROVISIONING_PROFILE_SPECIFIER = "";
				SWIFT_VERSION = 4.2;
				TARGETED_DEVICE_FAMILY = "1,2";
			};
			name = Release;
		};
		66E73599216F597200F28D7D /* Debug */ = {
			isa = XCBuildConfiguration;
			baseConfigurationReference = 838AAC926D11501C0C4A594E /* Pods-RxAPITests.debug.xcconfig */;
			buildSettings = {
				ALWAYS_EMBED_SWIFT_STANDARD_LIBRARIES = YES;
				BUNDLE_LOADER = "$(TEST_HOST)";
				CODE_SIGN_STYLE = Automatic;
				INFOPLIST_FILE = "Unit Tests/Info.plist";
				LD_RUNPATH_SEARCH_PATHS = (
					"$(inherited)",
					"@executable_path/Frameworks",
					"@loader_path/Frameworks",
				);
				PRODUCT_BUNDLE_IDENTIFIER = com.kierangraham.RxAPITests;
				PRODUCT_NAME = "$(TARGET_NAME)";
				SWIFT_VERSION = 4.2;
				TARGETED_DEVICE_FAMILY = "1,2";
				TEST_HOST = "$(BUILT_PRODUCTS_DIR)/RxAPI.app/RxAPI";
			};
			name = Debug;
		};
		66E7359A216F597200F28D7D /* Release */ = {
			isa = XCBuildConfiguration;
			baseConfigurationReference = 50E9E48C1DE4A821B0E3BB36 /* Pods-RxAPITests.release.xcconfig */;
			buildSettings = {
				BUNDLE_LOADER = "$(TEST_HOST)";
				CODE_SIGN_STYLE = Automatic;
				INFOPLIST_FILE = "Unit Tests/Info.plist";
				LD_RUNPATH_SEARCH_PATHS = (
					"$(inherited)",
					"@executable_path/Frameworks",
					"@loader_path/Frameworks",
				);
				PRODUCT_BUNDLE_IDENTIFIER = com.kierangraham.RxAPITests;
				PRODUCT_NAME = "$(TARGET_NAME)";
				SWIFT_VERSION = 4.2;
				TARGETED_DEVICE_FAMILY = "1,2";
				TEST_HOST = "$(BUILT_PRODUCTS_DIR)/RxAPI.app/RxAPI";
			};
			name = Release;
		};
		66E7359C216F597200F28D7D /* Debug */ = {
			isa = XCBuildConfiguration;
			baseConfigurationReference = 3ED934B93A60CE56AA6F1C06 /* Pods-RxAPIUITests.debug.xcconfig */;
			buildSettings = {
				ALWAYS_EMBED_SWIFT_STANDARD_LIBRARIES = YES;
				CODE_SIGN_STYLE = Automatic;
				INFOPLIST_FILE = "UI Tests/Info.plist";
				LD_RUNPATH_SEARCH_PATHS = (
					"$(inherited)",
					"@executable_path/Frameworks",
					"@loader_path/Frameworks",
				);
				PRODUCT_BUNDLE_IDENTIFIER = com.kierangraham.RxAPIUITests;
				PRODUCT_NAME = "$(TARGET_NAME)";
				SWIFT_VERSION = 4.2;
				TARGETED_DEVICE_FAMILY = "1,2";
				TEST_TARGET_NAME = RxAPI;
			};
			name = Debug;
		};
		66E7359D216F597200F28D7D /* Release */ = {
			isa = XCBuildConfiguration;
			baseConfigurationReference = 2AA9533E32AD013127BD14B9 /* Pods-RxAPIUITests.release.xcconfig */;
			buildSettings = {
				CODE_SIGN_STYLE = Automatic;
				INFOPLIST_FILE = "UI Tests/Info.plist";
				LD_RUNPATH_SEARCH_PATHS = (
					"$(inherited)",
					"@executable_path/Frameworks",
					"@loader_path/Frameworks",
				);
				PRODUCT_BUNDLE_IDENTIFIER = com.kierangraham.RxAPIUITests;
				PRODUCT_NAME = "$(TARGET_NAME)";
				SWIFT_VERSION = 4.2;
				TARGETED_DEVICE_FAMILY = "1,2";
				TEST_TARGET_NAME = RxAPI;
			};
			name = Release;
		};
/* End XCBuildConfiguration section */

/* Begin XCConfigurationList section */
		66E73568216F597000F28D7D /* Build configuration list for PBXProject "RxAPI" */ = {
			isa = XCConfigurationList;
			buildConfigurations = (
				66E73593216F597200F28D7D /* Debug */,
				66E73594216F597200F28D7D /* Release */,
			);
			defaultConfigurationIsVisible = 0;
			defaultConfigurationName = Release;
		};
		66E73595216F597200F28D7D /* Build configuration list for PBXNativeTarget "RxAPI" */ = {
			isa = XCConfigurationList;
			buildConfigurations = (
				66E73596216F597200F28D7D /* Debug */,
				66E73597216F597200F28D7D /* Release */,
			);
			defaultConfigurationIsVisible = 0;
			defaultConfigurationName = Release;
		};
		66E73598216F597200F28D7D /* Build configuration list for PBXNativeTarget "RxAPITests" */ = {
			isa = XCConfigurationList;
			buildConfigurations = (
				66E73599216F597200F28D7D /* Debug */,
				66E7359A216F597200F28D7D /* Release */,
			);
			defaultConfigurationIsVisible = 0;
			defaultConfigurationName = Release;
		};
		66E7359B216F597200F28D7D /* Build configuration list for PBXNativeTarget "RxAPIUITests" */ = {
			isa = XCConfigurationList;
			buildConfigurations = (
				66E7359C216F597200F28D7D /* Debug */,
				66E7359D216F597200F28D7D /* Release */,
			);
			defaultConfigurationIsVisible = 0;
			defaultConfigurationName = Release;
		};
/* End XCConfigurationList section */
	};
	rootObject = 66E73565216F597000F28D7D /* Project object */;
}
